<Solution>
  <Folder Name="/src/" />
  <Folder Name="/src/gateway/" />
  <Folder Name="/src/services/" />
  <Folder Name="/src/services/catalog/">
    <Project Path="OpenCommerce.Services.Catalog/OpenCommerce.Services.Catalog.csproj" Id="61564983-c379-4907-bcc5-7546f47a4b10" />
  </Folder>
  <Folder Name="/src/shared/">
    <Project Path="src/shared/OpenCommerce.Domain.Core/OpenCommerce.Domain.Core.csproj" />
  </Folder>
  <Folder Name="/tests/" />
</Solution>
